
Microsoft Visual Studio Solution File, Format Version 12.00
# Visual Studio Version 16
VisualStudioVersion = 16.0.29728.190
MinimumVisualStudioVersion = 10.0.40219.1
Project("{9A19103F-16F7-4668-BE54-9A1E7A4F7556}") = "MultipleStateMachine_PoC", "MultipleStateMachines_PoC\MultipleStateMachine_PoC.csproj", "{FBFA2018-FFB8-43CA-94AF-F9FBA5E24023}"
EndProject
Project("{9A19103F-16F7-4668-BE54-9A1E7A4F7556}") = "MSM_PoC.Business", "MSM_PoC.Business\MSM_PoC.Business.csproj", "{344F1965-6CAE-47C9-8DE6-92A0C32D70D7}"
EndProject
Project("{9A19103F-16F7-4668-BE54-9A1E7A4F7556}") = "MSM_PoC.Domain", "MSM_PoC.Domain\MSM_PoC.Domain.csproj", "{CBE7E426-5513-4493-BFC4-5789BC1A315A}"
EndProject
Global
	GlobalSection(SolutionConfigurationPlatforms) = preSolution
		Debug|Any CPU = Debug|Any CPU
		Release|Any CPU = Release|Any CPU
	EndGlobalSection
	GlobalSection(ProjectConfigurationPlatforms) = postSolution
		{FBFA2018-FFB8-43CA-94AF-F9FBA5E24023}.Debug|Any CPU.ActiveCfg = Debug|Any CPU
		{FBFA2018-FFB8-43CA-94AF-F9FBA5E24023}.Debug|Any CPU.Build.0 = Debug|Any CPU
		{FBFA2018-FFB8-43CA-94AF-F9FBA5E24023}.Release|Any CPU.ActiveCfg = Release|Any CPU
		{FBFA2018-FFB8-43CA-94AF-F9FBA5E24023}.Release|Any CPU.Build.0 = Release|Any CPU
		{344F1965-6CAE-47C9-8DE6-92A0C32D70D7}.Debug|Any CPU.ActiveCfg = Debug|Any CPU
		{344F1965-6CAE-47C9-8DE6-92A0C32D70D7}.Debug|Any CPU.Build.0 = Debug|Any CPU
		{344F1965-6CAE-47C9-8DE6-92A0C32D70D7}.Release|Any CPU.ActiveCfg = Release|Any CPU
		{344F1965-6CAE-47C9-8DE6-92A0C32D70D7}.Release|Any CPU.Build.0 = Release|Any CPU
		{CBE7E426-5513-4493-BFC4-5789BC1A315A}.Debug|Any CPU.ActiveCfg = Debug|Any CPU
		{CBE7E426-5513-4493-BFC4-5789BC1A315A}.Debug|Any CPU.Build.0 = Debug|Any CPU
		{CBE7E426-5513-4493-BFC4-5789BC1A315A}.Release|Any CPU.ActiveCfg = Release|Any CPU
		{CBE7E426-5513-4493-BFC4-5789BC1A315A}.Release|Any CPU.Build.0 = Release|Any CPU
	EndGlobalSection
	GlobalSection(SolutionProperties) = preSolution
		HideSolutionNode = FALSE
	EndGlobalSection
	GlobalSection(ExtensibilityGlobals) = postSolution
		SolutionGuid = {7B696E16-8527-4528-BC92-281B30120CDD}
	EndGlobalSection
EndGlobal
